
Microsoft Visual Studio Solution File, Format Version 12.00
# Visual Studio Version 17
VisualStudioVersion = 17.14.36327.8 d17.14
MinimumVisualStudioVersion = 10.0.40219.1
Project("{FAE04EC0-301F-11D3-BF4B-00C04F79EFBC}") = "PlotPrototype", "PlotPrototype\PlotPrototype.csproj", "{A15154F2-E726-4909-95BA-C2E4E5560C8D}"
EndProject
Global
	GlobalSection(SolutionConfigurationPlatforms) = preSolution
		Debug|Any CPU = Debug|Any CPU
		Release|Any CPU = Release|Any CPU
	EndGlobalSection
	GlobalSection(ProjectConfigurationPlatforms) = postSolution
		{A15154F2-E726-4909-95BA-C2E4E5560C8D}.Debug|Any CPU.ActiveCfg = Debug|Any CPU
		{A15154F2-E726-4909-95BA-C2E4E5560C8D}.Debug|Any CPU.Build.0 = Debug|Any CPU
		{A15154F2-E726-4909-95BA-C2E4E5560C8D}.Release|Any CPU.ActiveCfg = Release|Any CPU
		{A15154F2-E726-4909-95BA-C2E4E5560C8D}.Release|Any CPU.Build.0 = Release|Any CPU
	EndGlobalSection
	GlobalSection(SolutionProperties) = preSolution
		HideSolutionNode = FALSE
	EndGlobalSection
	GlobalSection(ExtensibilityGlobals) = postSolution
		SolutionGuid = {093D84B7-1D4F-4D16-8A22-B144AB1CFE41}
	EndGlobalSection
EndGlobal
